// !$*UTF8*$!
{
	archiveVersion = 1;
	classes = {
	};
	objectVersion = 55;
	objects = {

/* Begin PBXBuildFile section */
		84E4FAA527F3415C007365CC /* AppDelegate.swift in Sources */ = {isa = PBXBuildFile; fileRef = 84E4FAA427F3415C007365CC /* AppDelegate.swift */; };
		84E4FAA727F3415C007365CC /* SceneDelegate.swift in Sources */ = {isa = PBXBuildFile; fileRef = 84E4FAA627F3415C007365CC /* SceneDelegate.swift */; };
		84E4FAAC27F3415C007365CC /* Main.storyboard in Resources */ = {isa = PBXBuildFile; fileRef = 84E4FAAA27F3415C007365CC /* Main.storyboard */; };
		84E4FAAE27F3415E007365CC /* Assets.xcassets in Resources */ = {isa = PBXBuildFile; fileRef = 84E4FAAD27F3415E007365CC /* Assets.xcassets */; };
		84E4FAB127F3415E007365CC /* LaunchScreen.storyboard in Resources */ = {isa = PBXBuildFile; fileRef = 84E4FAAF27F3415E007365CC /* LaunchScreen.storyboard */; };
		84E4FAC227F34613007365CC /* Dude.swift in Sources */ = {isa = PBXBuildFile; fileRef = 84E4FAC127F34612007365CC /* Dude.swift */; };
		84E4FAC527F34701007365CC /* DataManager.swift in Sources */ = {isa = PBXBuildFile; fileRef = 84E4FAC427F34701007365CC /* DataManager.swift */; };
/* End PBXBuildFile section */

/* Begin PBXFileReference section */
		84E4FAA127F3415C007365CC /* TabBarViewControllersDudes.app */ = {isa = PBXFileReference; explicitFileType = wrapper.application; includeInIndex = 0; path = TabBarViewControllersDudes.app; sourceTree = BUILT_PRODUCTS_DIR; };
		84E4FAA427F3415C007365CC /* AppDelegate.swift */ = {isa = PBXFileReference; lastKnownFileType = sourcecode.swift; path = AppDelegate.swift; sourceTree = "<group>"; };
		84E4FAA627F3415C007365CC /* SceneDelegate.swift */ = {isa = PBXFileReference; lastKnownFileType = sourcecode.swift; path = SceneDelegate.swift; sourceTree = "<group>"; };
		84E4FAAB27F3415C007365CC /* Base */ = {isa = PBXFileReference; lastKnownFileType = file.storyboard; name = Base; path = Base.lproj/Main.storyboard; sourceTree = "<group>"; };
		84E4FAAD27F3415E007365CC /* Assets.xcassets */ = {isa = PBXFileReference; lastKnownFileType = folder.assetcatalog; path = Assets.xcassets; sourceTree = "<group>"; };
		84E4FAB027F3415E007365CC /* Base */ = {isa = PBXFileReference; lastKnownFileType = file.storyboard; name = Base; path = Base.lproj/LaunchScreen.storyboard; sourceTree = "<group>"; };
		84E4FAB227F3415E007365CC /* Info.plist */ = {isa = PBXFileReference; lastKnownFileType = text.plist.xml; path = Info.plist; sourceTree = "<group>"; };
		84E4FAC127F34612007365CC /* Dude.swift */ = {isa = PBXFileReference; lastKnownFileType = sourcecode.swift; path = Dude.swift; sourceTree = "<group>"; };
		84E4FAC427F34701007365CC /* DataManager.swift */ = {isa = PBXFileReference; lastKnownFileType = sourcecode.swift; path = DataManager.swift; sourceTree = "<group>"; };
/* End PBXFileReference section */

/* Begin PBXFrameworksBuildPhase section */
		84E4FA9E27F3415C007365CC /* Frameworks */ = {
			isa = PBXFrameworksBuildPhase;
			buildActionMask = 2147483647;
			files = (
			);
			runOnlyForDeploymentPostprocessing = 0;
		};
/* End PBXFrameworksBuildPhase section */

/* Begin PBXGroup section */
		84E4FA9827F3415C007365CC = {
			isa = PBXGroup;
			children = (
				84E4FAA327F3415C007365CC /* TabBarViewControllersDudes */,
				84E4FAA227F3415C007365CC /* Products */,
			);
			sourceTree = "<group>";
		};
		84E4FAA227F3415C007365CC /* Products */ = {
			isa = PBXGroup;
			children = (
				84E4FAA127F3415C007365CC /* TabBarViewControllersDudes.app */,
			);
			name = Products;
			sourceTree = "<group>";
		};
		84E4FAA327F3415C007365CC /* TabBarViewControllersDudes */ = {
			isa = PBXGroup;
			children = (
				84E4FAC327F346E4007365CC /* Managers */,
				84E4FAC027F342CF007365CC /* Controllers */,
				84E4FABE27F342BC007365CC /* Model */,
				84E4FABC27F3423D007365CC /* Delegates */,
				84E4FABA27F34216007365CC /* View */,
				84E4FAB827F341EE007365CC /* Assets */,
				84E4FAB227F3415E007365CC /* Info.plist */,
			);
			path = TabBarViewControllersDudes;
			sourceTree = "<group>";
		};
		84E4FAB827F341EE007365CC /* Assets */ = {
			isa = PBXGroup;
			children = (
				84E4FAAD27F3415E007365CC /* Assets.xcassets */,
			);
			path = Assets;
			sourceTree = "<group>";
		};
		84E4FABA27F34216007365CC /* View */ = {
			isa = PBXGroup;
			children = (
				84E4FAAA27F3415C007365CC /* Main.storyboard */,
				84E4FAAF27F3415E007365CC /* LaunchScreen.storyboard */,
			);
			path = View;
			sourceTree = "<group>";
		};
		84E4FABC27F3423D007365CC /* Delegates */ = {
			isa = PBXGroup;
			children = (
				84E4FAA427F3415C007365CC /* AppDelegate.swift */,
				84E4FAA627F3415C007365CC /* SceneDelegate.swift */,
			);
			path = Delegates;
			sourceTree = "<group>";
		};
		84E4FABE27F342BC007365CC /* Model */ = {
			isa = PBXGroup;
			children = (
				84E4FAC127F34612007365CC /* Dude.swift */,
			);
			path = Model;
			sourceTree = "<group>";
		};
		84E4FAC027F342CF007365CC /* Controllers */ = {
			isa = PBXGroup;
			children = (
			);
			path = Controllers;
			sourceTree = "<group>";
		};
		84E4FAC327F346E4007365CC /* Managers */ = {
			isa = PBXGroup;
			children = (
				84E4FAC427F34701007365CC /* DataManager.swift */,
			);
			path = Managers;
			sourceTree = "<group>";
		};
/* End PBXGroup section */

/* Begin PBXNativeTarget section */
		84E4FAA027F3415C007365CC /* TabBarViewControllersDudes */ = {
			isa = PBXNativeTarget;
			buildConfigurationList = 84E4FAB527F3415E007365CC /* Build configuration list for PBXNativeTarget "TabBarViewControllersDudes" */;
			buildPhases = (
				84E4FA9D27F3415C007365CC /* Sources */,
				84E4FA9E27F3415C007365CC /* Frameworks */,
				84E4FA9F27F3415C007365CC /* Resources */,
			);
			buildRules = (
			);
			dependencies = (
			);
			name = TabBarViewControllersDudes;
			productName = TabBarViewControllersDudes;
			productReference = 84E4FAA127F3415C007365CC /* TabBarViewControllersDudes.app */;
			productType = "com.apple.product-type.application";
		};
/* End PBXNativeTarget section */

/* Begin PBXProject section */
		84E4FA9927F3415C007365CC /* Project object */ = {
			isa = PBXProject;
			attributes = {
				BuildIndependentTargetsInParallel = 1;
				LastSwiftUpdateCheck = 1320;
				LastUpgradeCheck = 1320;
				TargetAttributes = {
					84E4FAA027F3415C007365CC = {
						CreatedOnToolsVersion = 13.2.1;
					};
				};
			};
			buildConfigurationList = 84E4FA9C27F3415C007365CC /* Build configuration list for PBXProject "TabBarViewControllersDudes" */;
			compatibilityVersion = "Xcode 13.0";
			developmentRegion = en;
			hasScannedForEncodings = 0;
			knownRegions = (
				en,
				Base,
			);
			mainGroup = 84E4FA9827F3415C007365CC;
			productRefGroup = 84E4FAA227F3415C007365CC /* Products */;
			projectDirPath = "";
			projectRoot = "";
			targets = (
				84E4FAA027F3415C007365CC /* TabBarViewControllersDudes */,
			);
		};
/* End PBXProject section */

/* Begin PBXResourcesBuildPhase section */
		84E4FA9F27F3415C007365CC /* Resources */ = {
			isa = PBXResourcesBuildPhase;
			buildActionMask = 2147483647;
			files = (
				84E4FAB127F3415E007365CC /* LaunchScreen.storyboard in Resources */,
				84E4FAAE27F3415E007365CC /* Assets.xcassets in Resources */,
				84E4FAAC27F3415C007365CC /* Main.storyboard in Resources */,
			);
			runOnlyForDeploymentPostprocessing = 0;
		};
/* End PBXResourcesBuildPhase section */

/* Begin PBXSourcesBuildPhase section */
		84E4FA9D27F3415C007365CC /* Sources */ = {
			isa = PBXSourcesBuildPhase;
			buildActionMask = 2147483647;
			files = (
				84E4FAA527F3415C007365CC /* AppDelegate.swift in Sources */,
				84E4FAC527F34701007365CC /* DataManager.swift in Sources */,
				84E4FAA727F3415C007365CC /* SceneDelegate.swift in Sources */,
				84E4FAC227F34613007365CC /* Dude.swift in Sources */,
			);
			runOnlyForDeploymentPostprocessing = 0;
		};
/* End PBXSourcesBuildPhase section */

/* Begin PBXVariantGroup section */
		84E4FAAA27F3415C007365CC /* Main.storyboard */ = {
			isa = PBXVariantGroup;
			children = (
				84E4FAAB27F3415C007365CC /* Base */,
			);
			name = Main.storyboard;
			sourceTree = "<group>";
		};
		84E4FAAF27F3415E007365CC /* LaunchScreen.storyboard */ = {
			isa = PBXVariantGroup;
			children = (
				84E4FAB027F3415E007365CC /* Base */,
			);
			name = LaunchScreen.storyboard;
			sourceTree = "<group>";
		};
/* End PBXVariantGroup section */

/* Begin XCBuildConfiguration section */
		84E4FAB327F3415E007365CC /* Debug */ = {
			isa = XCBuildConfiguration;
			buildSettings = {
				ALWAYS_SEARCH_USER_PATHS = NO;
				CLANG_ANALYZER_NONNULL = YES;
				CLANG_ANALYZER_NUMBER_OBJECT_CONVERSION = YES_AGGRESSIVE;
				CLANG_CXX_LANGUAGE_STANDARD = "gnu++17";
				CLANG_CXX_LIBRARY = "libc++";
				CLANG_ENABLE_MODULES = YES;
				CLANG_ENABLE_OBJC_ARC = YES;
				CLANG_ENABLE_OBJC_WEAK = YES;
				CLANG_WARN_BLOCK_CAPTURE_AUTORELEASING = YES;
				CLANG_WARN_BOOL_CONVERSION = YES;
				CLANG_WARN_COMMA = YES;
				CLANG_WARN_CONSTANT_CONVERSION = YES;
				CLANG_WARN_DEPRECATED_OBJC_IMPLEMENTATIONS = YES;
				CLANG_WARN_DIRECT_OBJC_ISA_USAGE = YES_ERROR;
				CLANG_WARN_DOCUMENTATION_COMMENTS = YES;
				CLANG_WARN_EMPTY_BODY = YES;
				CLANG_WARN_ENUM_CONVERSION = YES;
				CLANG_WARN_INFINITE_RECURSION = YES;
				CLANG_WARN_INT_CONVERSION = YES;
				CLANG_WARN_NON_LITERAL_NULL_CONVERSION = YES;
				CLANG_WARN_OBJC_IMPLICIT_RETAIN_SELF = YES;
				CLANG_WARN_OBJC_LITERAL_CONVERSION = YES;
				CLANG_WARN_OBJC_ROOT_CLASS = YES_ERROR;
				CLANG_WARN_QUOTED_INCLUDE_IN_FRAMEWORK_HEADER = YES;
				CLANG_WARN_RANGE_LOOP_ANALYSIS = YES;
				CLANG_WARN_STRICT_PROTOTYPES = YES;
				CLANG_WARN_SUSPICIOUS_MOVE = YES;
				CLANG_WARN_UNGUARDED_AVAILABILITY = YES_AGGRESSIVE;
				CLANG_WARN_UNREACHABLE_CODE = YES;
				CLANG_WARN__DUPLICATE_METHOD_MATCH = YES;
				COPY_PHASE_STRIP = NO;
				DEBUG_INFORMATION_FORMAT = dwarf;
				ENABLE_STRICT_OBJC_MSGSEND = YES;
				ENABLE_TESTABILITY = YES;
				GCC_C_LANGUAGE_STANDARD = gnu11;
				GCC_DYNAMIC_NO_PIC = NO;
				GCC_NO_COMMON_BLOCKS = YES;
				GCC_OPTIMIZATION_LEVEL = 0;
				GCC_PREPROCESSOR_DEFINITIONS = (
					"DEBUG=1",
					"$(inherited)",
				);
				GCC_WARN_64_TO_32_BIT_CONVERSION = YES;
				GCC_WARN_ABOUT_RETURN_TYPE = YES_ERROR;
				GCC_WARN_UNDECLARED_SELECTOR = YES;
				GCC_WARN_UNINITIALIZED_AUTOS = YES_AGGRESSIVE;
				GCC_WARN_UNUSED_FUNCTION = YES;
				GCC_WARN_UNUSED_VARIABLE = YES;
				IPHONEOS_DEPLOYMENT_TARGET = 15.2;
				MTL_ENABLE_DEBUG_INFO = INCLUDE_SOURCE;
				MTL_FAST_MATH = YES;
				ONLY_ACTIVE_ARCH = YES;
				SDKROOT = iphoneos;
				SWIFT_ACTIVE_COMPILATION_CONDITIONS = DEBUG;
				SWIFT_OPTIMIZATION_LEVEL = "-Onone";
			};
			name = Debug;
		};
		84E4FAB427F3415E007365CC /* Release */ = {
			isa = XCBuildConfiguration;
			buildSettings = {
				ALWAYS_SEARCH_USER_PATHS = NO;
				CLANG_ANALYZER_NONNULL = YES;
				CLANG_ANALYZER_NUMBER_OBJECT_CONVERSION = YES_AGGRESSIVE;
				CLANG_CXX_LANGUAGE_STANDARD = "gnu++17";
				CLANG_CXX_LIBRARY = "libc++";
				CLANG_ENABLE_MODULES = YES;
				CLANG_ENABLE_OBJC_ARC = YES;
				CLANG_ENABLE_OBJC_WEAK = YES;
				CLANG_WARN_BLOCK_CAPTURE_AUTORELEASING = YES;
				CLANG_WARN_BOOL_CONVERSION = YES;
				CLANG_WARN_COMMA = YES;
				CLANG_WARN_CONSTANT_CONVERSION = YES;
				CLANG_WARN_DEPRECATED_OBJC_IMPLEMENTATIONS = YES;
				CLANG_WARN_DIRECT_OBJC_ISA_USAGE = YES_ERROR;
				CLANG_WARN_DOCUMENTATION_COMMENTS = YES;
				CLANG_WARN_EMPTY_BODY = YES;
				CLANG_WARN_ENUM_CONVERSION = YES;
				CLANG_WARN_INFINITE_RECURSION = YES;
				CLANG_WARN_INT_CONVERSION = YES;
				CLANG_WARN_NON_LITERAL_NULL_CONVERSION = YES;
				CLANG_WARN_OBJC_IMPLICIT_RETAIN_SELF = YES;
				CLANG_WARN_OBJC_LITERAL_CONVERSION = YES;
				CLANG_WARN_OBJC_ROOT_CLASS = YES_ERROR;
				CLANG_WARN_QUOTED_INCLUDE_IN_FRAMEWORK_HEADER = YES;
				CLANG_WARN_RANGE_LOOP_ANALYSIS = YES;
				CLANG_WARN_STRICT_PROTOTYPES = YES;
				CLANG_WARN_SUSPICIOUS_MOVE = YES;
				CLANG_WARN_UNGUARDED_AVAILABILITY = YES_AGGRESSIVE;
				CLANG_WARN_UNREACHABLE_CODE = YES;
				CLANG_WARN__DUPLICATE_METHOD_MATCH = YES;
				COPY_PHASE_STRIP = NO;
				DEBUG_INFORMATION_FORMAT = "dwarf-with-dsym";
				ENABLE_NS_ASSERTIONS = NO;
				ENABLE_STRICT_OBJC_MSGSEND = YES;
				GCC_C_LANGUAGE_STANDARD = gnu11;
				GCC_NO_COMMON_BLOCKS = YES;
				GCC_WARN_64_TO_32_BIT_CONVERSION = YES;
				GCC_WARN_ABOUT_RETURN_TYPE = YES_ERROR;
				GCC_WARN_UNDECLARED_SELECTOR = YES;
				GCC_WARN_UNINITIALIZED_AUTOS = YES_AGGRESSIVE;
				GCC_WARN_UNUSED_FUNCTION = YES;
				GCC_WARN_UNUSED_VARIABLE = YES;
				IPHONEOS_DEPLOYMENT_TARGET = 15.2;
				MTL_ENABLE_DEBUG_INFO = NO;
				MTL_FAST_MATH = YES;
				SDKROOT = iphoneos;
				SWIFT_COMPILATION_MODE = wholemodule;
				SWIFT_OPTIMIZATION_LEVEL = "-O";
				VALIDATE_PRODUCT = YES;
			};
			name = Release;
		};
		84E4FAB627F3415E007365CC /* Debug */ = {
			isa = XCBuildConfiguration;
			buildSettings = {
				ASSETCATALOG_COMPILER_APPICON_NAME = AppIcon;
				ASSETCATALOG_COMPILER_GLOBAL_ACCENT_COLOR_NAME = AccentColor;
				CODE_SIGN_STYLE = Automatic;
				CURRENT_PROJECT_VERSION = 1;
				DEVELOPMENT_TEAM = C988ZQMU3K;
				GENERATE_INFOPLIST_FILE = YES;
				INFOPLIST_FILE = TabBarViewControllersDudes/Info.plist;
				INFOPLIST_KEY_UIApplicationSupportsIndirectInputEvents = YES;
				INFOPLIST_KEY_UILaunchStoryboardName = LaunchScreen;
				INFOPLIST_KEY_UIMainStoryboardFile = Main;
				INFOPLIST_KEY_UISupportedInterfaceOrientations_iPad = "UIInterfaceOrientationPortrait UIInterfaceOrientationPortraitUpsideDown UIInterfaceOrientationLandscapeLeft UIInterfaceOrientationLandscapeRight";
				INFOPLIST_KEY_UISupportedInterfaceOrientations_iPhone = "UIInterfaceOrientationPortrait UIInterfaceOrientationLandscapeLeft UIInterfaceOrientationLandscapeRight";
				LD_RUNPATH_SEARCH_PATHS = (
					"$(inherited)",
					"@executable_path/Frameworks",
				);
				MARKETING_VERSION = 1.0;
				PRODUCT_BUNDLE_IDENTIFIER = by.kirillFasevich.TabBarViewControllersDudes;
				PRODUCT_NAME = "$(TARGET_NAME)";
				SWIFT_EMIT_LOC_STRINGS = YES;
				SWIFT_VERSION = 5.0;
				TARGETED_DEVICE_FAMILY = "1,2";
			};
			name = Debug;
		};
		84E4FAB727F3415E007365CC /* Release */ = {
			isa = XCBuildConfiguration;
			buildSettings = {
				ASSETCATALOG_COMPILER_APPICON_NAME = AppIcon;
				ASSETCATALOG_COMPILER_GLOBAL_ACCENT_COLOR_NAME = AccentColor;
				CODE_SIGN_STYLE = Automatic;
				CURRENT_PROJECT_VERSION = 1;
				DEVELOPMENT_TEAM = C988ZQMU3K;
				GENERATE_INFOPLIST_FILE = YES;
				INFOPLIST_FILE = TabBarViewControllersDudes/Info.plist;
				INFOPLIST_KEY_UIApplicationSupportsIndirectInputEvents = YES;
				INFOPLIST_KEY_UILaunchStoryboardName = LaunchScreen;
				INFOPLIST_KEY_UIMainStoryboardFile = Main;
				INFOPLIST_KEY_UISupportedInterfaceOrientations_iPad = "UIInterfaceOrientationPortrait UIInterfaceOrientationPortraitUpsideDown UIInterfaceOrientationLandscapeLeft UIInterfaceOrientationLandscapeRight";
				INFOPLIST_KEY_UISupportedInterfaceOrientations_iPhone = "UIInterfaceOrientationPortrait UIInterfaceOrientationLandscapeLeft UIInterfaceOrientationLandscapeRight";
				LD_RUNPATH_SEARCH_PATHS = (
					"$(inherited)",
					"@executable_path/Frameworks",
				);
				MARKETING_VERSION = 1.0;
				PRODUCT_BUNDLE_IDENTIFIER = by.kirillFasevich.TabBarViewControllersDudes;
				PRODUCT_NAME = "$(TARGET_NAME)";
				SWIFT_EMIT_LOC_STRINGS = YES;
				SWIFT_VERSION = 5.0;
				TARGETED_DEVICE_FAMILY = "1,2";
			};
			name = Release;
		};
/* End XCBuildConfiguration section */

/* Begin XCConfigurationList section */
		84E4FA9C27F3415C007365CC /* Build configuration list for PBXProject "TabBarViewControllersDudes" */ = {
			isa = XCConfigurationList;
			buildConfigurations = (
				84E4FAB327F3415E007365CC /* Debug */,
				84E4FAB427F3415E007365CC /* Release */,
			);
			defaultConfigurationIsVisible = 0;
			defaultConfigurationName = Release;
		};
		84E4FAB527F3415E007365CC /* Build configuration list for PBXNativeTarget "TabBarViewControllersDudes" */ = {
			isa = XCConfigurationList;
			buildConfigurations = (
				84E4FAB627F3415E007365CC /* Debug */,
				84E4FAB727F3415E007365CC /* Release */,
			);
			defaultConfigurationIsVisible = 0;
			defaultConfigurationName = Release;
		};
/* End XCConfigurationList section */
	};
	rootObject = 84E4FA9927F3415C007365CC /* Project object */;
}
